
Microsoft Visual Studio Solution File, Format Version 12.00
# Visual Studio Version 16
VisualStudioVersion = 16.0.30711.63
MinimumVisualStudioVersion = 10.0.40219.1
Project("{FAE04EC0-301F-11D3-BF4B-00C04F79EFBC}") = "WorkingSpaceManagment.Api", "WorkingSpaceManagment.Api\WorkingSpaceManagment.Api.csproj", "{4BA48F76-9C15-4B19-A27E-3BD356558A65}"
EndProject
Project("{9A19103F-16F7-4668-BE54-9A1E7A4F7556}") = "HotChairsApp.BL", "HotChairsApp.BL\HotChairsApp.BL.csproj", "{3A9BEE96-847C-4000-8EF8-99A694E99248}"
EndProject
Project("{9A19103F-16F7-4668-BE54-9A1E7A4F7556}") = "HotChairsApp.Model", "HotChairsApp.Model\HotChairsApp.Model.csproj", "{130BC6AA-663E-450E-B32D-B5558E0269DD}"
EndProject
Global
	GlobalSection(SolutionConfigurationPlatforms) = preSolution
		Debug|Any CPU = Debug|Any CPU
		Release|Any CPU = Release|Any CPU
	EndGlobalSection
	GlobalSection(ProjectConfigurationPlatforms) = postSolution
		{4BA48F76-9C15-4B19-A27E-3BD356558A65}.Debug|Any CPU.ActiveCfg = Debug|Any CPU
		{4BA48F76-9C15-4B19-A27E-3BD356558A65}.Debug|Any CPU.Build.0 = Debug|Any CPU
		{4BA48F76-9C15-4B19-A27E-3BD356558A65}.Release|Any CPU.ActiveCfg = Release|Any CPU
		{4BA48F76-9C15-4B19-A27E-3BD356558A65}.Release|Any CPU.Build.0 = Release|Any CPU
		{3A9BEE96-847C-4000-8EF8-99A694E99248}.Debug|Any CPU.ActiveCfg = Debug|Any CPU
		{3A9BEE96-847C-4000-8EF8-99A694E99248}.Debug|Any CPU.Build.0 = Debug|Any CPU
		{3A9BEE96-847C-4000-8EF8-99A694E99248}.Release|Any CPU.ActiveCfg = Release|Any CPU
		{3A9BEE96-847C-4000-8EF8-99A694E99248}.Release|Any CPU.Build.0 = Release|Any CPU
		{130BC6AA-663E-450E-B32D-B5558E0269DD}.Debug|Any CPU.ActiveCfg = Debug|Any CPU
		{130BC6AA-663E-450E-B32D-B5558E0269DD}.Debug|Any CPU.Build.0 = Debug|Any CPU
		{130BC6AA-663E-450E-B32D-B5558E0269DD}.Release|Any CPU.ActiveCfg = Release|Any CPU
		{130BC6AA-663E-450E-B32D-B5558E0269DD}.Release|Any CPU.Build.0 = Release|Any CPU
	EndGlobalSection
	GlobalSection(SolutionProperties) = preSolution
		HideSolutionNode = FALSE
	EndGlobalSection
	GlobalSection(ExtensibilityGlobals) = postSolution
		SolutionGuid = {D902ED70-8DB8-4EEE-AC7E-079A844024B5}
	EndGlobalSection
EndGlobal
